// !$*UTF8*$!
{
	archiveVersion = 1;
	classes = {
	};
	objectVersion = 56;
	objects = {

/* Begin PBXBuildFile section */
		74C3A46E2A1BF67600059DB3 /* NotificationsLabApp.swift in Sources */ = {isa = PBXBuildFile; fileRef = 74C3A46D2A1BF67600059DB3 /* NotificationsLabApp.swift */; };
		74C3A4702A1BF67600059DB3 /* ContentView.swift in Sources */ = {isa = PBXBuildFile; fileRef = 74C3A46F2A1BF67600059DB3 /* ContentView.swift */; };
		74C3A4722A1BF67800059DB3 /* Assets.xcassets in Resources */ = {isa = PBXBuildFile; fileRef = 74C3A4712A1BF67800059DB3 /* Assets.xcassets */; };
		74C3A4752A1BF67800059DB3 /* Preview Assets.xcassets in Resources */ = {isa = PBXBuildFile; fileRef = 74C3A4742A1BF67800059DB3 /* Preview Assets.xcassets */; };
		74C3A47C2A1BF83900059DB3 /* Notification.swift in Sources */ = {isa = PBXBuildFile; fileRef = 74C3A47B2A1BF83900059DB3 /* Notification.swift */; };
		74C3A47E2A1BF83F00059DB3 /* ViewModel.swift in Sources */ = {isa = PBXBuildFile; fileRef = 74C3A47D2A1BF83F00059DB3 /* ViewModel.swift */; };
		74C3A4802A1BFAE500059DB3 /* AddNotificationView.swift in Sources */ = {isa = PBXBuildFile; fileRef = 74C3A47F2A1BFAE500059DB3 /* AddNotificationView.swift */; };
		74C3A4822A1D025D00059DB3 /* ViewModel+LocationDelegate.swift in Sources */ = {isa = PBXBuildFile; fileRef = 74C3A4812A1D025D00059DB3 /* ViewModel+LocationDelegate.swift */; };
/* End PBXBuildFile section */

/* Begin PBXFileReference section */
		74C3A46A2A1BF67600059DB3 /* NotificationsLab.app */ = {isa = PBXFileReference; explicitFileType = wrapper.application; includeInIndex = 0; path = NotificationsLab.app; sourceTree = BUILT_PRODUCTS_DIR; };
		74C3A46D2A1BF67600059DB3 /* NotificationsLabApp.swift */ = {isa = PBXFileReference; lastKnownFileType = sourcecode.swift; path = NotificationsLabApp.swift; sourceTree = "<group>"; };
		74C3A46F2A1BF67600059DB3 /* ContentView.swift */ = {isa = PBXFileReference; lastKnownFileType = sourcecode.swift; path = ContentView.swift; sourceTree = "<group>"; };
		74C3A4712A1BF67800059DB3 /* Assets.xcassets */ = {isa = PBXFileReference; lastKnownFileType = folder.assetcatalog; path = Assets.xcassets; sourceTree = "<group>"; };
		74C3A4742A1BF67800059DB3 /* Preview Assets.xcassets */ = {isa = PBXFileReference; lastKnownFileType = folder.assetcatalog; path = "Preview Assets.xcassets"; sourceTree = "<group>"; };
		74C3A47B2A1BF83900059DB3 /* Notification.swift */ = {isa = PBXFileReference; lastKnownFileType = sourcecode.swift; path = Notification.swift; sourceTree = "<group>"; };
		74C3A47D2A1BF83F00059DB3 /* ViewModel.swift */ = {isa = PBXFileReference; lastKnownFileType = sourcecode.swift; path = ViewModel.swift; sourceTree = "<group>"; };
		74C3A47F2A1BFAE500059DB3 /* AddNotificationView.swift */ = {isa = PBXFileReference; lastKnownFileType = sourcecode.swift; path = AddNotificationView.swift; sourceTree = "<group>"; };
		74C3A4812A1D025D00059DB3 /* ViewModel+LocationDelegate.swift */ = {isa = PBXFileReference; lastKnownFileType = sourcecode.swift; path = "ViewModel+LocationDelegate.swift"; sourceTree = "<group>"; };
/* End PBXFileReference section */

/* Begin PBXFrameworksBuildPhase section */
		74C3A4672A1BF67600059DB3 /* Frameworks */ = {
			isa = PBXFrameworksBuildPhase;
			buildActionMask = 2147483647;
			files = (
			);
			runOnlyForDeploymentPostprocessing = 0;
		};
/* End PBXFrameworksBuildPhase section */

/* Begin PBXGroup section */
		74C3A4612A1BF67600059DB3 = {
			isa = PBXGroup;
			children = (
				74C3A46C2A1BF67600059DB3 /* NotificationsLab */,
				74C3A46B2A1BF67600059DB3 /* Products */,
			);
			sourceTree = "<group>";
		};
		74C3A46B2A1BF67600059DB3 /* Products */ = {
			isa = PBXGroup;
			children = (
				74C3A46A2A1BF67600059DB3 /* NotificationsLab.app */,
			);
			name = Products;
			sourceTree = "<group>";
		};
		74C3A46C2A1BF67600059DB3 /* NotificationsLab */ = {
			isa = PBXGroup;
			children = (
				74C3A46D2A1BF67600059DB3 /* NotificationsLabApp.swift */,
				74C3A4852A1D02A600059DB3 /* Model */,
				74C3A4842A1D029C00059DB3 /* View */,
				74C3A4832A1D029000059DB3 /* ViewModel */,
				74C3A4712A1BF67800059DB3 /* Assets.xcassets */,
				74C3A4732A1BF67800059DB3 /* Preview Content */,
			);
			path = NotificationsLab;
			sourceTree = "<group>";
		};
		74C3A4732A1BF67800059DB3 /* Preview Content */ = {
			isa = PBXGroup;
			children = (
				74C3A4742A1BF67800059DB3 /* Preview Assets.xcassets */,
			);
			path = "Preview Content";
			sourceTree = "<group>";
		};
		74C3A4832A1D029000059DB3 /* ViewModel */ = {
			isa = PBXGroup;
			children = (
				74C3A47D2A1BF83F00059DB3 /* ViewModel.swift */,
				74C3A4812A1D025D00059DB3 /* ViewModel+LocationDelegate.swift */,
			);
			path = ViewModel;
			sourceTree = "<group>";
		};
		74C3A4842A1D029C00059DB3 /* View */ = {
			isa = PBXGroup;
			children = (
				74C3A46F2A1BF67600059DB3 /* ContentView.swift */,
				74C3A47F2A1BFAE500059DB3 /* AddNotificationView.swift */,
			);
			path = View;
			sourceTree = "<group>";
		};
		74C3A4852A1D02A600059DB3 /* Model */ = {
			isa = PBXGroup;
			children = (
				74C3A47B2A1BF83900059DB3 /* Notification.swift */,
			);
			path = Model;
			sourceTree = "<group>";
		};
/* End PBXGroup section */

/* Begin PBXNativeTarget section */
		74C3A4692A1BF67600059DB3 /* NotificationsLab */ = {
			isa = PBXNativeTarget;
			buildConfigurationList = 74C3A4782A1BF67800059DB3 /* Build configuration list for PBXNativeTarget "NotificationsLab" */;
			buildPhases = (
				74C3A4662A1BF67600059DB3 /* Sources */,
				74C3A4672A1BF67600059DB3 /* Frameworks */,
				74C3A4682A1BF67600059DB3 /* Resources */,
			);
			buildRules = (
			);
			dependencies = (
			);
			name = NotificationsLab;
			productName = NotificationsLab;
			productReference = 74C3A46A2A1BF67600059DB3 /* NotificationsLab.app */;
			productType = "com.apple.product-type.application";
		};
/* End PBXNativeTarget section */

/* Begin PBXProject section */
		74C3A4622A1BF67600059DB3 /* Project object */ = {
			isa = PBXProject;
			attributes = {
				BuildIndependentTargetsInParallel = 1;
				LastSwiftUpdateCheck = 1430;
				LastUpgradeCheck = 1430;
				TargetAttributes = {
					74C3A4692A1BF67600059DB3 = {
						CreatedOnToolsVersion = 14.3;
					};
				};
			};
			buildConfigurationList = 74C3A4652A1BF67600059DB3 /* Build configuration list for PBXProject "NotificationsLab" */;
			compatibilityVersion = "Xcode 14.0";
			developmentRegion = en;
			hasScannedForEncodings = 0;
			knownRegions = (
				en,
				Base,
			);
			mainGroup = 74C3A4612A1BF67600059DB3;
			productRefGroup = 74C3A46B2A1BF67600059DB3 /* Products */;
			projectDirPath = "";
			projectRoot = "";
			targets = (
				74C3A4692A1BF67600059DB3 /* NotificationsLab */,
			);
		};
/* End PBXProject section */

/* Begin PBXResourcesBuildPhase section */
		74C3A4682A1BF67600059DB3 /* Resources */ = {
			isa = PBXResourcesBuildPhase;
			buildActionMask = 2147483647;
			files = (
				74C3A4752A1BF67800059DB3 /* Preview Assets.xcassets in Resources */,
				74C3A4722A1BF67800059DB3 /* Assets.xcassets in Resources */,
			);
			runOnlyForDeploymentPostprocessing = 0;
		};
/* End PBXResourcesBuildPhase section */

/* Begin PBXSourcesBuildPhase section */
		74C3A4662A1BF67600059DB3 /* Sources */ = {
			isa = PBXSourcesBuildPhase;
			buildActionMask = 2147483647;
			files = (
				74C3A47C2A1BF83900059DB3 /* Notification.swift in Sources */,
				74C3A4702A1BF67600059DB3 /* ContentView.swift in Sources */,
				74C3A47E2A1BF83F00059DB3 /* ViewModel.swift in Sources */,
				74C3A46E2A1BF67600059DB3 /* NotificationsLabApp.swift in Sources */,
				74C3A4822A1D025D00059DB3 /* ViewModel+LocationDelegate.swift in Sources */,
				74C3A4802A1BFAE500059DB3 /* AddNotificationView.swift in Sources */,
			);
			runOnlyForDeploymentPostprocessing = 0;
		};
/* End PBXSourcesBuildPhase section */

/* Begin XCBuildConfiguration section */
		74C3A4762A1BF67800059DB3 /* Debug */ = {
			isa = XCBuildConfiguration;
			buildSettings = {
				ALWAYS_SEARCH_USER_PATHS = NO;
				CLANG_ANALYZER_NONNULL = YES;
				CLANG_ANALYZER_NUMBER_OBJECT_CONVERSION = YES_AGGRESSIVE;
				CLANG_CXX_LANGUAGE_STANDARD = "gnu++20";
				CLANG_ENABLE_MODULES = YES;
				CLANG_ENABLE_OBJC_ARC = YES;
				CLANG_ENABLE_OBJC_WEAK = YES;
				CLANG_WARN_BLOCK_CAPTURE_AUTORELEASING = YES;
				CLANG_WARN_BOOL_CONVERSION = YES;
				CLANG_WARN_COMMA = YES;
				CLANG_WARN_CONSTANT_CONVERSION = YES;
				CLANG_WARN_DEPRECATED_OBJC_IMPLEMENTATIONS = YES;
				CLANG_WARN_DIRECT_OBJC_ISA_USAGE = YES_ERROR;
				CLANG_WARN_DOCUMENTATION_COMMENTS = YES;
				CLANG_WARN_EMPTY_BODY = YES;
				CLANG_WARN_ENUM_CONVERSION = YES;
				CLANG_WARN_INFINITE_RECURSION = YES;
				CLANG_WARN_INT_CONVERSION = YES;
				CLANG_WARN_NON_LITERAL_NULL_CONVERSION = YES;
				CLANG_WARN_OBJC_IMPLICIT_RETAIN_SELF = YES;
				CLANG_WARN_OBJC_LITERAL_CONVERSION = YES;
				CLANG_WARN_OBJC_ROOT_CLASS = YES_ERROR;
				CLANG_WARN_QUOTED_INCLUDE_IN_FRAMEWORK_HEADER = YES;
				CLANG_WARN_RANGE_LOOP_ANALYSIS = YES;
				CLANG_WARN_STRICT_PROTOTYPES = YES;
				CLANG_WARN_SUSPICIOUS_MOVE = YES;
				CLANG_WARN_UNGUARDED_AVAILABILITY = YES_AGGRESSIVE;
				CLANG_WARN_UNREACHABLE_CODE = YES;
				CLANG_WARN__DUPLICATE_METHOD_MATCH = YES;
				COPY_PHASE_STRIP = NO;
				DEBUG_INFORMATION_FORMAT = dwarf;
				ENABLE_STRICT_OBJC_MSGSEND = YES;
				ENABLE_TESTABILITY = YES;
				GCC_C_LANGUAGE_STANDARD = gnu11;
				GCC_DYNAMIC_NO_PIC = NO;
				GCC_NO_COMMON_BLOCKS = YES;
				GCC_OPTIMIZATION_LEVEL = 0;
				GCC_PREPROCESSOR_DEFINITIONS = (
					"DEBUG=1",
					"$(inherited)",
				);
				GCC_WARN_64_TO_32_BIT_CONVERSION = YES;
				GCC_WARN_ABOUT_RETURN_TYPE = YES_ERROR;
				GCC_WARN_UNDECLARED_SELECTOR = YES;
				GCC_WARN_UNINITIALIZED_AUTOS = YES_AGGRESSIVE;
				GCC_WARN_UNUSED_FUNCTION = YES;
				GCC_WARN_UNUSED_VARIABLE = YES;
				IPHONEOS_DEPLOYMENT_TARGET = 16.4;
				MTL_ENABLE_DEBUG_INFO = INCLUDE_SOURCE;
				MTL_FAST_MATH = YES;
				ONLY_ACTIVE_ARCH = YES;
				SDKROOT = iphoneos;
				SWIFT_ACTIVE_COMPILATION_CONDITIONS = DEBUG;
				SWIFT_OPTIMIZATION_LEVEL = "-Onone";
			};
			name = Debug;
		};
		74C3A4772A1BF67800059DB3 /* Release */ = {
			isa = XCBuildConfiguration;
			buildSettings = {
				ALWAYS_SEARCH_USER_PATHS = NO;
				CLANG_ANALYZER_NONNULL = YES;
				CLANG_ANALYZER_NUMBER_OBJECT_CONVERSION = YES_AGGRESSIVE;
				CLANG_CXX_LANGUAGE_STANDARD = "gnu++20";
				CLANG_ENABLE_MODULES = YES;
				CLANG_ENABLE_OBJC_ARC = YES;
				CLANG_ENABLE_OBJC_WEAK = YES;
				CLANG_WARN_BLOCK_CAPTURE_AUTORELEASING = YES;
				CLANG_WARN_BOOL_CONVERSION = YES;
				CLANG_WARN_COMMA = YES;
				CLANG_WARN_CONSTANT_CONVERSION = YES;
				CLANG_WARN_DEPRECATED_OBJC_IMPLEMENTATIONS = YES;
				CLANG_WARN_DIRECT_OBJC_ISA_USAGE = YES_ERROR;
				CLANG_WARN_DOCUMENTATION_COMMENTS = YES;
				CLANG_WARN_EMPTY_BODY = YES;
				CLANG_WARN_ENUM_CONVERSION = YES;
				CLANG_WARN_INFINITE_RECURSION = YES;
				CLANG_WARN_INT_CONVERSION = YES;
				CLANG_WARN_NON_LITERAL_NULL_CONVERSION = YES;
				CLANG_WARN_OBJC_IMPLICIT_RETAIN_SELF = YES;
				CLANG_WARN_OBJC_LITERAL_CONVERSION = YES;
				CLANG_WARN_OBJC_ROOT_CLASS = YES_ERROR;
				CLANG_WARN_QUOTED_INCLUDE_IN_FRAMEWORK_HEADER = YES;
				CLANG_WARN_RANGE_LOOP_ANALYSIS = YES;
				CLANG_WARN_STRICT_PROTOTYPES = YES;
				CLANG_WARN_SUSPICIOUS_MOVE = YES;
				CLANG_WARN_UNGUARDED_AVAILABILITY = YES_AGGRESSIVE;
				CLANG_WARN_UNREACHABLE_CODE = YES;
				CLANG_WARN__DUPLICATE_METHOD_MATCH = YES;
				COPY_PHASE_STRIP = NO;
				DEBUG_INFORMATION_FORMAT = "dwarf-with-dsym";
				ENABLE_NS_ASSERTIONS = NO;
				ENABLE_STRICT_OBJC_MSGSEND = YES;
				GCC_C_LANGUAGE_STANDARD = gnu11;
				GCC_NO_COMMON_BLOCKS = YES;
				GCC_WARN_64_TO_32_BIT_CONVERSION = YES;
				GCC_WARN_ABOUT_RETURN_TYPE = YES_ERROR;
				GCC_WARN_UNDECLARED_SELECTOR = YES;
				GCC_WARN_UNINITIALIZED_AUTOS = YES_AGGRESSIVE;
				GCC_WARN_UNUSED_FUNCTION = YES;
				GCC_WARN_UNUSED_VARIABLE = YES;
				IPHONEOS_DEPLOYMENT_TARGET = 16.4;
				MTL_ENABLE_DEBUG_INFO = NO;
				MTL_FAST_MATH = YES;
				SDKROOT = iphoneos;
				SWIFT_COMPILATION_MODE = wholemodule;
				SWIFT_OPTIMIZATION_LEVEL = "-O";
				VALIDATE_PRODUCT = YES;
			};
			name = Release;
		};
		74C3A4792A1BF67800059DB3 /* Debug */ = {
			isa = XCBuildConfiguration;
			buildSettings = {
				ASSETCATALOG_COMPILER_APPICON_NAME = AppIcon;
				ASSETCATALOG_COMPILER_GLOBAL_ACCENT_COLOR_NAME = AccentColor;
				CODE_SIGN_STYLE = Automatic;
				CURRENT_PROJECT_VERSION = 1;
				DEVELOPMENT_ASSET_PATHS = "\"NotificationsLab/Preview Content\"";
				DEVELOPMENT_TEAM = 3UR85MK9RT;
				ENABLE_PREVIEWS = YES;
				GENERATE_INFOPLIST_FILE = YES;
				INFOPLIST_KEY_NSLocationWhenInUseUsageDescription = "Location needed to schedule notifications";
				INFOPLIST_KEY_UIApplicationSceneManifest_Generation = YES;
				INFOPLIST_KEY_UIApplicationSupportsIndirectInputEvents = YES;
				INFOPLIST_KEY_UILaunchScreen_Generation = YES;
				INFOPLIST_KEY_UISupportedInterfaceOrientations_iPad = "UIInterfaceOrientationPortrait UIInterfaceOrientationPortraitUpsideDown UIInterfaceOrientationLandscapeLeft UIInterfaceOrientationLandscapeRight";
				INFOPLIST_KEY_UISupportedInterfaceOrientations_iPhone = "UIInterfaceOrientationPortrait UIInterfaceOrientationLandscapeLeft UIInterfaceOrientationLandscapeRight";
				LD_RUNPATH_SEARCH_PATHS = (
					"$(inherited)",
					"@executable_path/Frameworks",
				);
				MARKETING_VERSION = 1.0;
				PRODUCT_BUNDLE_IDENTIFIER = com.CoryTripathy.NotificationsLab;
				PRODUCT_NAME = "$(TARGET_NAME)";
				SWIFT_EMIT_LOC_STRINGS = YES;
				SWIFT_VERSION = 5.0;
				TARGETED_DEVICE_FAMILY = "1,2";
			};
			name = Debug;
		};
		74C3A47A2A1BF67800059DB3 /* Release */ = {
			isa = XCBuildConfiguration;
			buildSettings = {
				ASSETCATALOG_COMPILER_APPICON_NAME = AppIcon;
				ASSETCATALOG_COMPILER_GLOBAL_ACCENT_COLOR_NAME = AccentColor;
				CODE_SIGN_STYLE = Automatic;
				CURRENT_PROJECT_VERSION = 1;
				DEVELOPMENT_ASSET_PATHS = "\"NotificationsLab/Preview Content\"";
				DEVELOPMENT_TEAM = 3UR85MK9RT;
				ENABLE_PREVIEWS = YES;
				GENERATE_INFOPLIST_FILE = YES;
				INFOPLIST_KEY_NSLocationWhenInUseUsageDescription = "Location needed to schedule notifications";
				INFOPLIST_KEY_UIApplicationSceneManifest_Generation = YES;
				INFOPLIST_KEY_UIApplicationSupportsIndirectInputEvents = YES;
				INFOPLIST_KEY_UILaunchScreen_Generation = YES;
				INFOPLIST_KEY_UISupportedInterfaceOrientations_iPad = "UIInterfaceOrientationPortrait UIInterfaceOrientationPortraitUpsideDown UIInterfaceOrientationLandscapeLeft UIInterfaceOrientationLandscapeRight";
				INFOPLIST_KEY_UISupportedInterfaceOrientations_iPhone = "UIInterfaceOrientationPortrait UIInterfaceOrientationLandscapeLeft UIInterfaceOrientationLandscapeRight";
				LD_RUNPATH_SEARCH_PATHS = (
					"$(inherited)",
					"@executable_path/Frameworks",
				);
				MARKETING_VERSION = 1.0;
				PRODUCT_BUNDLE_IDENTIFIER = com.CoryTripathy.NotificationsLab;
				PRODUCT_NAME = "$(TARGET_NAME)";
				SWIFT_EMIT_LOC_STRINGS = YES;
				SWIFT_VERSION = 5.0;
				TARGETED_DEVICE_FAMILY = "1,2";
			};
			name = Release;
		};
/* End XCBuildConfiguration section */

/* Begin XCConfigurationList section */
		74C3A4652A1BF67600059DB3 /* Build configuration list for PBXProject "NotificationsLab" */ = {
			isa = XCConfigurationList;
			buildConfigurations = (
				74C3A4762A1BF67800059DB3 /* Debug */,
				74C3A4772A1BF67800059DB3 /* Release */,
			);
			defaultConfigurationIsVisible = 0;
			defaultConfigurationName = Release;
		};
		74C3A4782A1BF67800059DB3 /* Build configuration list for PBXNativeTarget "NotificationsLab" */ = {
			isa = XCConfigurationList;
			buildConfigurations = (
				74C3A4792A1BF67800059DB3 /* Debug */,
				74C3A47A2A1BF67800059DB3 /* Release */,
			);
			defaultConfigurationIsVisible = 0;
			defaultConfigurationName = Release;
		};
/* End XCConfigurationList section */
	};
	rootObject = 74C3A4622A1BF67600059DB3 /* Project object */;
}
